// !$*UTF8*$!
{
	archiveVersion = 1;
	classes = {
	};
	objectVersion = 42;
	objects = {

/* Begin PBXBuildFile section */
		12B721330D7ED1B2002F6059 /* 437iso.h in CopyFiles */ = {isa = PBXBuildFile; fileRef = 12B7212D0D7ED1B2002F6059 /* 437iso.h */; };
		12B721340D7ED1B2002F6059 /* 850iso.h in CopyFiles */ = {isa = PBXBuildFile; fileRef = 12B7212E0D7ED1B2002F6059 /* 850iso.h */; };
		12B721350D7ED1B2002F6059 /* abo.c in Sources */ = {isa = PBXBuildFile; fileRef = 12B7212F0D7ED1B2002F6059 /* abo.c */; };
		12B721360D7ED1B2002F6059 /* abo.h in CopyFiles */ = {isa = PBXBuildFile; fileRef = 12B721300D7ED1B2002F6059 /* abo.h */; };
		12B721370D7ED1B2002F6059 /* ansi2dos.h in CopyFiles */ = {isa = PBXBuildFile; fileRef = 12B721310D7ED1B2002F6059 /* ansi2dos.h */; };
		12B721380D7ED1B2002F6059 /* ansi_raw.h in CopyFiles */ = {isa = PBXBuildFile; fileRef = 12B721320D7ED1B2002F6059 /* ansi_raw.h */; };
		12B7217B0D7ED1F0002F6059 /* cfg.c in Sources */ = {isa = PBXBuildFile; fileRef = 12B7213A0D7ED1F0002F6059 /* cfg.c */; };
		12B7217C0D7ED1F0002F6059 /* cfg.h in CopyFiles */ = {isa = PBXBuildFile; fileRef = 12B7213B0D7ED1F0002F6059 /* cfg.h */; };
		12B7217D0D7ED1F0002F6059 /* chr.c in Sources */ = {isa = PBXBuildFile; fileRef = 12B7213C0D7ED1F0002F6059 /* chr.c */; };
		12B7217E0D7ED1F0002F6059 /* chr.h in CopyFiles */ = {isa = PBXBuildFile; fileRef = 12B7213D0D7ED1F0002F6059 /* chr.h */; };
		12B7217F0D7ED1F0002F6059 /* chr_437.h in CopyFiles */ = {isa = PBXBuildFile; fileRef = 12B7213E0D7ED1F0002F6059 /* chr_437.h */; };
		12B721800D7ED1F0002F6059 /* chr_850.h in CopyFiles */ = {isa = PBXBuildFile; fileRef = 12B7213F0D7ED1F0002F6059 /* chr_850.h */; };
		12B721810D7ED1F0002F6059 /* chr_all.h in CopyFiles */ = {isa = PBXBuildFile; fileRef = 12B721400D7ED1F0002F6059 /* chr_all.h */; };
		12B721820D7ED1F0002F6059 /* chr_dos.h in CopyFiles */ = {isa = PBXBuildFile; fileRef = 12B721410D7ED1F0002F6059 /* chr_dos.h */; };
		12B721830D7ED1F0002F6059 /* chr_hp8.h in CopyFiles */ = {isa = PBXBuildFile; fileRef = 12B721420D7ED1F0002F6059 /* chr_hp8.h */; };
		12B721840D7ED1F0002F6059 /* chr_iso.h in CopyFiles */ = {isa = PBXBuildFile; fileRef = 12B721430D7ED1F0002F6059 /* chr_iso.h */; };
		12B721850D7ED1F0002F6059 /* chr_mac.h in CopyFiles */ = {isa = PBXBuildFile; fileRef = 12B721440D7ED1F0002F6059 /* chr_mac.h */; };
		12B721860D7ED1F0002F6059 /* chr_next.h in CopyFiles */ = {isa = PBXBuildFile; fileRef = 12B721450D7ED1F0002F6059 /* chr_next.h */; };
		12B721870D7ED1F0002F6059 /* chr_raw.h in CopyFiles */ = {isa = PBXBuildFile; fileRef = 12B721460D7ED1F0002F6059 /* chr_raw.h */; };
		12B721880D7ED1F0002F6059 /* chr_tos.h in CopyFiles */ = {isa = PBXBuildFile; fileRef = 12B721470D7ED1F0002F6059 /* chr_tos.h */; };
		12B721890D7ED1F0002F6059 /* chr_ttf.h in CopyFiles */ = {isa = PBXBuildFile; fileRef = 12B721480D7ED1F0002F6059 /* chr_ttf.h */; };
		12B7218A0D7ED1F0002F6059 /* cli.c in Sources */ = {isa = PBXBuildFile; fileRef = 12B721490D7ED1F0002F6059 /* cli.c */; };
		12B7218B0D7ED1F0002F6059 /* commands.h in CopyFiles */ = {isa = PBXBuildFile; fileRef = 12B7214A0D7ED1F0002F6059 /* commands.h */; };
		12B7218C0D7ED1F0002F6059 /* constant.h in CopyFiles */ = {isa = PBXBuildFile; fileRef = 12B7214B0D7ED1F0002F6059 /* constant.h */; };
		12B7218D0D7ED1F0002F6059 /* env.c in Sources */ = {isa = PBXBuildFile; fileRef = 12B7214C0D7ED1F0002F6059 /* env.c */; };
		12B7218E0D7ED1F0002F6059 /* env.h in CopyFiles */ = {isa = PBXBuildFile; fileRef = 12B7214D0D7ED1F0002F6059 /* env.h */; };
		12B7218F0D7ED1F0002F6059 /* export.h in CopyFiles */ = {isa = PBXBuildFile; fileRef = 12B7214E0D7ED1F0002F6059 /* export.h */; };
		12B721900D7ED1F0002F6059 /* file.c in Sources */ = {isa = PBXBuildFile; fileRef = 12B7214F0D7ED1F0002F6059 /* file.c */; };
		12B721910D7ED1F0002F6059 /* file.h in CopyFiles */ = {isa = PBXBuildFile; fileRef = 12B721500D7ED1F0002F6059 /* file.h */; };
		12B721920D7ED1F0002F6059 /* gui.h in CopyFiles */ = {isa = PBXBuildFile; fileRef = 12B721510D7ED1F0002F6059 /* gui.h */; };
		12B721930D7ED1F0002F6059 /* hp82iso.h in CopyFiles */ = {isa = PBXBuildFile; fileRef = 12B721520D7ED1F0002F6059 /* hp82iso.h */; };
		12B721940D7ED1F0002F6059 /* img.c in Sources */ = {isa = PBXBuildFile; fileRef = 12B721530D7ED1F0002F6059 /* img.c */; };
		12B721950D7ED1F0002F6059 /* img.h in CopyFiles */ = {isa = PBXBuildFile; fileRef = 12B721540D7ED1F0002F6059 /* img.h */; };
		12B721960D7ED1F0002F6059 /* img_html.h in CopyFiles */ = {isa = PBXBuildFile; fileRef = 12B721550D7ED1F0002F6059 /* img_html.h */; };
		12B721970D7ED1F0002F6059 /* img_stg.h in CopyFiles */ = {isa = PBXBuildFile; fileRef = 12B721560D7ED1F0002F6059 /* img_stg.h */; };
		12B721980D7ED1F0002F6059 /* img_win.h in CopyFiles */ = {isa = PBXBuildFile; fileRef = 12B721570D7ED1F0002F6059 /* img_win.h */; };
		12B721990D7ED1F0002F6059 /* import.h in CopyFiles */ = {isa = PBXBuildFile; fileRef = 12B721580D7ED1F0002F6059 /* import.h */; };
		12B7219A0D7ED1F0002F6059 /* lang.c in Sources */ = {isa = PBXBuildFile; fileRef = 12B721590D7ED1F0002F6059 /* lang.c */; };
		12B7219B0D7ED1F0002F6059 /* lang.h in CopyFiles */ = {isa = PBXBuildFile; fileRef = 12B7215A0D7ED1F0002F6059 /* lang.h */; };
		12B7219C0D7ED1F0002F6059 /* mac2iso.h in CopyFiles */ = {isa = PBXBuildFile; fileRef = 12B7215B0D7ED1F0002F6059 /* mac2iso.h */; };
		12B7219D0D7ED1F0002F6059 /* msg.c in Sources */ = {isa = PBXBuildFile; fileRef = 12B7215C0D7ED1F0002F6059 /* msg.c */; };
		12B7219E0D7ED1F0002F6059 /* msg.h in CopyFiles */ = {isa = PBXBuildFile; fileRef = 12B7215D0D7ED1F0002F6059 /* msg.h */; };
		12B7219F0D7ED1F0002F6059 /* next2iso.h in CopyFiles */ = {isa = PBXBuildFile; fileRef = 12B7215E0D7ED1F0002F6059 /* next2iso.h */; };
		12B721A00D7ED1F0002F6059 /* par.c in Sources */ = {isa = PBXBuildFile; fileRef = 12B7215F0D7ED1F0002F6059 /* par.c */; };
		12B721A10D7ED1F0002F6059 /* par.h in CopyFiles */ = {isa = PBXBuildFile; fileRef = 12B721600D7ED1F0002F6059 /* par.h */; };
		12B721A20D7ED1F0002F6059 /* portab.h in CopyFiles */ = {isa = PBXBuildFile; fileRef = 12B721610D7ED1F0002F6059 /* portab.h */; };
		12B721A30D7ED1F0002F6059 /* raw2iso.h in CopyFiles */ = {isa = PBXBuildFile; fileRef = 12B721620D7ED1F0002F6059 /* raw2iso.h */; };
		12B721A40D7ED1F0002F6059 /* str.c in Sources */ = {isa = PBXBuildFile; fileRef = 12B721630D7ED1F0002F6059 /* str.c */; };
		12B721A50D7ED1F0002F6059 /* str.h in CopyFiles */ = {isa = PBXBuildFile; fileRef = 12B721640D7ED1F0002F6059 /* str.h */; };
		12B721A60D7ED1F0002F6059 /* sty.c in Sources */ = {isa = PBXBuildFile; fileRef = 12B721650D7ED1F0002F6059 /* sty.c */; };
		12B721A70D7ED1F0002F6059 /* sty.h in CopyFiles */ = {isa = PBXBuildFile; fileRef = 12B721660D7ED1F0002F6059 /* sty.h */; };
		12B721A80D7ED1F0002F6059 /* tab.c in Sources */ = {isa = PBXBuildFile; fileRef = 12B721670D7ED1F0002F6059 /* tab.c */; };
		12B721A90D7ED1F0002F6059 /* tab.h in CopyFiles */ = {isa = PBXBuildFile; fileRef = 12B721680D7ED1F0002F6059 /* tab.h */; };
		12B721AA0D7ED1F0002F6059 /* toc.c in Sources */ = {isa = PBXBuildFile; fileRef = 12B721690D7ED1F0002F6059 /* toc.c */; };
		12B721AB0D7ED1F0002F6059 /* toc.h in CopyFiles */ = {isa = PBXBuildFile; fileRef = 12B7216A0D7ED1F0002F6059 /* toc.h */; };
		12B721AC0D7ED1F0002F6059 /* toc_html.c in Sources */ = {isa = PBXBuildFile; fileRef = 12B7216B0D7ED1F0002F6059 /* toc_html.c */; };
		12B721AD0D7ED1F0002F6059 /* toc_html.h in CopyFiles */ = {isa = PBXBuildFile; fileRef = 12B7216C0D7ED1F0002F6059 /* toc_html.h */; };
		12B721AE0D7ED1F0002F6059 /* tos2iso.h in CopyFiles */ = {isa = PBXBuildFile; fileRef = 12B7216D0D7ED1F0002F6059 /* tos2iso.h */; };
		12B721AF0D7ED1F0002F6059 /* tp.c in Sources */ = {isa = PBXBuildFile; fileRef = 12B7216E0D7ED1F0002F6059 /* tp.c */; };
		12B721B00D7ED1F0002F6059 /* tp.h in CopyFiles */ = {isa = PBXBuildFile; fileRef = 12B7216F0D7ED1F0002F6059 /* tp.h */; };
		12B721B10D7ED1F0002F6059 /* udo.c in Sources */ = {isa = PBXBuildFile; fileRef = 12B721700D7ED1F0002F6059 /* udo.c */; };
		12B721B20D7ED1F0002F6059 /* udo.h in CopyFiles */ = {isa = PBXBuildFile; fileRef = 12B721710D7ED1F0002F6059 /* udo.h */; };
		12B721B30D7ED1F0002F6059 /* udo2pdf.h in CopyFiles */ = {isa = PBXBuildFile; fileRef = 12B721720D7ED1F0002F6059 /* udo2pdf.h */; };
		12B721B40D7ED1F0002F6059 /* udo2ps.h in CopyFiles */ = {isa = PBXBuildFile; fileRef = 12B721730D7ED1F0002F6059 /* udo2ps.h */; };
		12B721B50D7ED1F0002F6059 /* udo_type.h in CopyFiles */ = {isa = PBXBuildFile; fileRef = 12B721740D7ED1F0002F6059 /* udo_type.h */; };
		12B721B60D7ED1F0002F6059 /* udocmd.h in CopyFiles */ = {isa = PBXBuildFile; fileRef = 12B721750D7ED1F0002F6059 /* udocmd.h */; };
		12B721B70D7ED1F0002F6059 /* udolocal.h in CopyFiles */ = {isa = PBXBuildFile; fileRef = 12B721760D7ED1F0002F6059 /* udolocal.h */; };
		12B721B80D7ED1F0002F6059 /* udomem.c in Sources */ = {isa = PBXBuildFile; fileRef = 12B721770D7ED1F0002F6059 /* udomem.c */; };
		12B721B90D7ED1F0002F6059 /* udomem.h in CopyFiles */ = {isa = PBXBuildFile; fileRef = 12B721780D7ED1F0002F6059 /* udomem.h */; };
		12B721BA0D7ED1F0002F6059 /* utf82iso.h in CopyFiles */ = {isa = PBXBuildFile; fileRef = 12B721790D7ED1F0002F6059 /* utf82iso.h */; };
		12B721BB0D7ED1F0002F6059 /* version.h in CopyFiles */ = {isa = PBXBuildFile; fileRef = 12B7217A0D7ED1F0002F6059 /* version.h */; };
		12B721D10D7ED276002F6059 /* Makefile.macosx in CopyFiles */ = {isa = PBXBuildFile; fileRef = 12B721D00D7ED276002F6059 /* Makefile.macosx */; };
		12B721D50D7ED291002F6059 /* makefile.in in CopyFiles */ = {isa = PBXBuildFile; fileRef = 12B721D30D7ED291002F6059 /* makefile.in */; };
		8DD76FB00486AB0100D96B5E /* UDO.1 in CopyFiles */ = {isa = PBXBuildFile; fileRef = C6A0FF2C0290799A04C91782 /* UDO.1 */; };
/* End PBXBuildFile section */

/* Begin PBXCopyFilesBuildPhase section */
		8DD76FAF0486AB0100D96B5E /* CopyFiles */ = {
			isa = PBXCopyFilesBuildPhase;
			buildActionMask = 8;
			dstPath = /usr/share/man/man1/;
			dstSubfolderSpec = 0;
			files = (
				8DD76FB00486AB0100D96B5E /* UDO.1 in CopyFiles */,
				12B721330D7ED1B2002F6059 /* 437iso.h in CopyFiles */,
				12B721340D7ED1B2002F6059 /* 850iso.h in CopyFiles */,
				12B721360D7ED1B2002F6059 /* abo.h in CopyFiles */,
				12B721370D7ED1B2002F6059 /* ansi2dos.h in CopyFiles */,
				12B721380D7ED1B2002F6059 /* ansi_raw.h in CopyFiles */,
				12B7217C0D7ED1F0002F6059 /* cfg.h in CopyFiles */,
				12B7217E0D7ED1F0002F6059 /* chr.h in CopyFiles */,
				12B7217F0D7ED1F0002F6059 /* chr_437.h in CopyFiles */,
				12B721800D7ED1F0002F6059 /* chr_850.h in CopyFiles */,
				12B721810D7ED1F0002F6059 /* chr_all.h in CopyFiles */,
				12B721820D7ED1F0002F6059 /* chr_dos.h in CopyFiles */,
				12B721830D7ED1F0002F6059 /* chr_hp8.h in CopyFiles */,
				12B721840D7ED1F0002F6059 /* chr_iso.h in CopyFiles */,
				12B721850D7ED1F0002F6059 /* chr_mac.h in CopyFiles */,
				12B721860D7ED1F0002F6059 /* chr_next.h in CopyFiles */,
				12B721870D7ED1F0002F6059 /* chr_raw.h in CopyFiles */,
				12B721880D7ED1F0002F6059 /* chr_tos.h in CopyFiles */,
				12B721890D7ED1F0002F6059 /* chr_ttf.h in CopyFiles */,
				12B7218B0D7ED1F0002F6059 /* commands.h in CopyFiles */,
				12B7218C0D7ED1F0002F6059 /* constant.h in CopyFiles */,
				12B7218E0D7ED1F0002F6059 /* env.h in CopyFiles */,
				12B7218F0D7ED1F0002F6059 /* export.h in CopyFiles */,
				12B721910D7ED1F0002F6059 /* file.h in CopyFiles */,
				12B721920D7ED1F0002F6059 /* gui.h in CopyFiles */,
				12B721930D7ED1F0002F6059 /* hp82iso.h in CopyFiles */,
				12B721950D7ED1F0002F6059 /* img.h in CopyFiles */,
				12B721960D7ED1F0002F6059 /* img_html.h in CopyFiles */,
				12B721970D7ED1F0002F6059 /* img_stg.h in CopyFiles */,
				12B721980D7ED1F0002F6059 /* img_win.h in CopyFiles */,
				12B721990D7ED1F0002F6059 /* import.h in CopyFiles */,
				12B7219B0D7ED1F0002F6059 /* lang.h in CopyFiles */,
				12B7219C0D7ED1F0002F6059 /* mac2iso.h in CopyFiles */,
				12B7219E0D7ED1F0002F6059 /* msg.h in CopyFiles */,
				12B7219F0D7ED1F0002F6059 /* next2iso.h in CopyFiles */,
				12B721A10D7ED1F0002F6059 /* par.h in CopyFiles */,
				12B721A20D7ED1F0002F6059 /* portab.h in CopyFiles */,
				12B721A30D7ED1F0002F6059 /* raw2iso.h in CopyFiles */,
				12B721A50D7ED1F0002F6059 /* str.h in CopyFiles */,
				12B721A70D7ED1F0002F6059 /* sty.h in CopyFiles */,
				12B721A90D7ED1F0002F6059 /* tab.h in CopyFiles */,
				12B721AB0D7ED1F0002F6059 /* toc.h in CopyFiles */,
				12B721AD0D7ED1F0002F6059 /* toc_html.h in CopyFiles */,
				12B721AE0D7ED1F0002F6059 /* tos2iso.h in CopyFiles */,
				12B721B00D7ED1F0002F6059 /* tp.h in CopyFiles */,
				12B721B20D7ED1F0002F6059 /* udo.h in CopyFiles */,
				12B721B30D7ED1F0002F6059 /* udo2pdf.h in CopyFiles */,
				12B721B40D7ED1F0002F6059 /* udo2ps.h in CopyFiles */,
				12B721B50D7ED1F0002F6059 /* udo_type.h in CopyFiles */,
				12B721B60D7ED1F0002F6059 /* udocmd.h in CopyFiles */,
				12B721B70D7ED1F0002F6059 /* udolocal.h in CopyFiles */,
				12B721B90D7ED1F0002F6059 /* udomem.h in CopyFiles */,
				12B721BA0D7ED1F0002F6059 /* utf82iso.h in CopyFiles */,
				12B721BB0D7ED1F0002F6059 /* version.h in CopyFiles */,
				12B721D10D7ED276002F6059 /* Makefile.macosx in CopyFiles */,
				12B721D50D7ED291002F6059 /* makefile.in in CopyFiles */,
			);
			runOnlyForDeploymentPostprocessing = 1;
		};
/* End PBXCopyFilesBuildPhase section */

/* Begin PBXFileReference section */
		12B7212D0D7ED1B2002F6059 /* 437iso.h */ = {isa = PBXFileReference; fileEncoding = 30; lastKnownFileType = sourcecode.c.h; name = 437iso.h; path = ../Source/437iso.h; sourceTree = SOURCE_ROOT; };
		12B7212E0D7ED1B2002F6059 /* 850iso.h */ = {isa = PBXFileReference; fileEncoding = 30; lastKnownFileType = sourcecode.c.h; name = 850iso.h; path = ../Source/850iso.h; sourceTree = SOURCE_ROOT; };
		12B7212F0D7ED1B2002F6059 /* abo.c */ = {isa = PBXFileReference; fileEncoding = 30; lastKnownFileType = sourcecode.c.c; name = abo.c; path = ../Source/abo.c; sourceTree = SOURCE_ROOT; };
		12B721300D7ED1B2002F6059 /* abo.h */ = {isa = PBXFileReference; fileEncoding = 30; lastKnownFileType = sourcecode.c.h; name = abo.h; path = ../Source/abo.h; sourceTree = SOURCE_ROOT; };
		12B721310D7ED1B2002F6059 /* ansi2dos.h */ = {isa = PBXFileReference; fileEncoding = 30; lastKnownFileType = sourcecode.c.h; name = ansi2dos.h; path = ../Source/ansi2dos.h; sourceTree = SOURCE_ROOT; };
		12B721320D7ED1B2002F6059 /* ansi_raw.h */ = {isa = PBXFileReference; fileEncoding = 30; lastKnownFileType = sourcecode.c.h; name = ansi_raw.h; path = ../Source/ansi_raw.h; sourceTree = SOURCE_ROOT; };
		12B7213A0D7ED1F0002F6059 /* cfg.c */ = {isa = PBXFileReference; fileEncoding = 30; lastKnownFileType = sourcecode.c.c; name = cfg.c; path = ../Source/cfg.c; sourceTree = SOURCE_ROOT; };
		12B7213B0D7ED1F0002F6059 /* cfg.h */ = {isa = PBXFileReference; fileEncoding = 30; lastKnownFileType = sourcecode.c.h; name = cfg.h; path = ../Source/cfg.h; sourceTree = SOURCE_ROOT; };
		12B7213C0D7ED1F0002F6059 /* chr.c */ = {isa = PBXFileReference; fileEncoding = 30; lastKnownFileType = sourcecode.c.c; name = chr.c; path = ../Source/chr.c; sourceTree = SOURCE_ROOT; };
		12B7213D0D7ED1F0002F6059 /* chr.h */ = {isa = PBXFileReference; fileEncoding = 30; lastKnownFileType = sourcecode.c.h; name = chr.h; path = ../Source/chr.h; sourceTree = SOURCE_ROOT; };
		12B7213E0D7ED1F0002F6059 /* chr_437.h */ = {isa = PBXFileReference; fileEncoding = 30; lastKnownFileType = sourcecode.c.h; name = chr_437.h; path = ../Source/chr_437.h; sourceTree = SOURCE_ROOT; };
		12B7213F0D7ED1F0002F6059 /* chr_850.h */ = {isa = PBXFileReference; fileEncoding = 30; lastKnownFileType = sourcecode.c.h; name = chr_850.h; path = ../Source/chr_850.h; sourceTree = SOURCE_ROOT; };
		12B721400D7ED1F0002F6059 /* chr_all.h */ = {isa = PBXFileReference; fileEncoding = 30; lastKnownFileType = sourcecode.c.h; name = chr_all.h; path = ../Source/chr_all.h; sourceTree = SOURCE_ROOT; };
		12B721410D7ED1F0002F6059 /* chr_dos.h */ = {isa = PBXFileReference; fileEncoding = 30; lastKnownFileType = sourcecode.c.h; name = chr_dos.h; path = ../Source/chr_dos.h; sourceTree = SOURCE_ROOT; };
		12B721420D7ED1F0002F6059 /* chr_hp8.h */ = {isa = PBXFileReference; fileEncoding = 30; lastKnownFileType = sourcecode.c.h; name = chr_hp8.h; path = ../Source/chr_hp8.h; sourceTree = SOURCE_ROOT; };
		12B721430D7ED1F0002F6059 /* chr_iso.h */ = {isa = PBXFileReference; fileEncoding = 30; lastKnownFileType = sourcecode.c.h; name = chr_iso.h; path = ../Source/chr_iso.h; sourceTree = SOURCE_ROOT; };
		12B721440D7ED1F0002F6059 /* chr_mac.h */ = {isa = PBXFileReference; fileEncoding = 30; lastKnownFileType = sourcecode.c.h; name = chr_mac.h; path = ../Source/chr_mac.h; sourceTree = SOURCE_ROOT; };
		12B721450D7ED1F0002F6059 /* chr_next.h */ = {isa = PBXFileReference; fileEncoding = 30; lastKnownFileType = sourcecode.c.h; name = chr_next.h; path = ../Source/chr_next.h; sourceTree = SOURCE_ROOT; };
		12B721460D7ED1F0002F6059 /* chr_raw.h */ = {isa = PBXFileReference; fileEncoding = 30; lastKnownFileType = sourcecode.c.h; name = chr_raw.h; path = ../Source/chr_raw.h; sourceTree = SOURCE_ROOT; };
		12B721470D7ED1F0002F6059 /* chr_tos.h */ = {isa = PBXFileReference; fileEncoding = 30; lastKnownFileType = sourcecode.c.h; name = chr_tos.h; path = ../Source/chr_tos.h; sourceTree = SOURCE_ROOT; };
		12B721480D7ED1F0002F6059 /* chr_ttf.h */ = {isa = PBXFileReference; fileEncoding = 30; lastKnownFileType = sourcecode.c.h; name = chr_ttf.h; path = ../Source/chr_ttf.h; sourceTree = SOURCE_ROOT; };
		12B721490D7ED1F0002F6059 /* cli.c */ = {isa = PBXFileReference; fileEncoding = 30; lastKnownFileType = sourcecode.c.c; name = cli.c; path = ../Source/cli.c; sourceTree = SOURCE_ROOT; };
		12B7214A0D7ED1F0002F6059 /* commands.h */ = {isa = PBXFileReference; fileEncoding = 30; lastKnownFileType = sourcecode.c.h; name = commands.h; path = ../Source/commands.h; sourceTree = SOURCE_ROOT; };
		12B7214B0D7ED1F0002F6059 /* constant.h */ = {isa = PBXFileReference; fileEncoding = 30; lastKnownFileType = sourcecode.c.h; name = constant.h; path = ../Source/constant.h; sourceTree = SOURCE_ROOT; };
		12B7214C0D7ED1F0002F6059 /* env.c */ = {isa = PBXFileReference; fileEncoding = 30; lastKnownFileType = sourcecode.c.c; name = env.c; path = ../Source/env.c; sourceTree = SOURCE_ROOT; };
		12B7214D0D7ED1F0002F6059 /* env.h */ = {isa = PBXFileReference; fileEncoding = 30; lastKnownFileType = sourcecode.c.h; name = env.h; path = ../Source/env.h; sourceTree = SOURCE_ROOT; };
		12B7214E0D7ED1F0002F6059 /* export.h */ = {isa = PBXFileReference; fileEncoding = 30; lastKnownFileType = sourcecode.c.h; name = export.h; path = ../Source/export.h; sourceTree = SOURCE_ROOT; };
		12B7214F0D7ED1F0002F6059 /* file.c */ = {isa = PBXFileReference; fileEncoding = 30; lastKnownFileType = sourcecode.c.c; name = file.c; path = ../Source/file.c; sourceTree = SOURCE_ROOT; };
		12B721500D7ED1F0002F6059 /* file.h */ = {isa = PBXFileReference; fileEncoding = 30; lastKnownFileType = sourcecode.c.h; name = file.h; path = ../Source/file.h; sourceTree = SOURCE_ROOT; };
		12B721510D7ED1F0002F6059 /* gui.h */ = {isa = PBXFileReference; fileEncoding = 30; lastKnownFileType = sourcecode.c.h; name = gui.h; path = ../Source/gui.h; sourceTree = SOURCE_ROOT; };
		12B721520D7ED1F0002F6059 /* hp82iso.h */ = {isa = PBXFileReference; fileEncoding = 30; lastKnownFileType = sourcecode.c.h; name = hp82iso.h; path = ../Source/hp82iso.h; sourceTree = SOURCE_ROOT; };
		12B721530D7ED1F0002F6059 /* img.c */ = {isa = PBXFileReference; fileEncoding = 30; lastKnownFileType = sourcecode.c.c; name = img.c; path = ../Source/img.c; sourceTree = SOURCE_ROOT; };
		12B721540D7ED1F0002F6059 /* img.h */ = {isa = PBXFileReference; fileEncoding = 30; lastKnownFileType = sourcecode.c.h; name = img.h; path = ../Source/img.h; sourceTree = SOURCE_ROOT; };
		12B721550D7ED1F0002F6059 /* img_html.h */ = {isa = PBXFileReference; fileEncoding = 30; lastKnownFileType = sourcecode.c.h; name = img_html.h; path = ../Source/img_html.h; sourceTree = SOURCE_ROOT; };
		12B721560D7ED1F0002F6059 /* img_stg.h */ = {isa = PBXFileReference; fileEncoding = 30; lastKnownFileType = sourcecode.c.h; name = img_stg.h; path = ../Source/img_stg.h; sourceTree = SOURCE_ROOT; };
		12B721570D7ED1F0002F6059 /* img_win.h */ = {isa = PBXFileReference; fileEncoding = 30; lastKnownFileType = sourcecode.c.h; name = img_win.h; path = ../Source/img_win.h; sourceTree = SOURCE_ROOT; };
		12B721580D7ED1F0002F6059 /* import.h */ = {isa = PBXFileReference; fileEncoding = 30; lastKnownFileType = sourcecode.c.h; name = import.h; path = ../Source/import.h; sourceTree = SOURCE_ROOT; };
		12B721590D7ED1F0002F6059 /* lang.c */ = {isa = PBXFileReference; fileEncoding = 30; lastKnownFileType = sourcecode.c.c; name = lang.c; path = ../Source/lang.c; sourceTree = SOURCE_ROOT; };
		12B7215A0D7ED1F0002F6059 /* lang.h */ = {isa = PBXFileReference; fileEncoding = 30; lastKnownFileType = sourcecode.c.h; name = lang.h; path = ../Source/lang.h; sourceTree = SOURCE_ROOT; };
		12B7215B0D7ED1F0002F6059 /* mac2iso.h */ = {isa = PBXFileReference; fileEncoding = 30; lastKnownFileType = sourcecode.c.h; name = mac2iso.h; path = ../Source/mac2iso.h; sourceTree = SOURCE_ROOT; };
		12B7215C0D7ED1F0002F6059 /* msg.c */ = {isa = PBXFileReference; fileEncoding = 30; lastKnownFileType = sourcecode.c.c; name = msg.c; path = ../Source/msg.c; sourceTree = SOURCE_ROOT; };
		12B7215D0D7ED1F0002F6059 /* msg.h */ = {isa = PBXFileReference; fileEncoding = 30; lastKnownFileType = sourcecode.c.h; name = msg.h; path = ../Source/msg.h; sourceTree = SOURCE_ROOT; };
		12B7215E0D7ED1F0002F6059 /* next2iso.h */ = {isa = PBXFileReference; fileEncoding = 30; lastKnownFileType = sourcecode.c.h; name = next2iso.h; path = ../Source/next2iso.h; sourceTree = SOURCE_ROOT; };
		12B7215F0D7ED1F0002F6059 /* par.c */ = {isa = PBXFileReference; fileEncoding = 30; lastKnownFileType = sourcecode.c.c; name = par.c; path = ../Source/par.c; sourceTree = SOURCE_ROOT; };
		12B721600D7ED1F0002F6059 /* par.h */ = {isa = PBXFileReference; fileEncoding = 30; lastKnownFileType = sourcecode.c.h; name = par.h; path = ../Source/par.h; sourceTree = SOURCE_ROOT; };
		12B721610D7ED1F0002F6059 /* portab.h */ = {isa = PBXFileReference; fileEncoding = 30; lastKnownFileType = sourcecode.c.h; name = portab.h; path = ../Source/portab.h; sourceTree = SOURCE_ROOT; };
		12B721620D7ED1F0002F6059 /* raw2iso.h */ = {isa = PBXFileReference; fileEncoding = 30; lastKnownFileType = sourcecode.c.h; name = raw2iso.h; path = ../Source/raw2iso.h; sourceTree = SOURCE_ROOT; };
		12B721630D7ED1F0002F6059 /* str.c */ = {isa = PBXFileReference; fileEncoding = 30; lastKnownFileType = sourcecode.c.c; name = str.c; path = ../Source/str.c; sourceTree = SOURCE_ROOT; };
		12B721640D7ED1F0002F6059 /* str.h */ = {isa = PBXFileReference; fileEncoding = 30; lastKnownFileType = sourcecode.c.h; name = str.h; path = ../Source/str.h; sourceTree = SOURCE_ROOT; };
		12B721650D7ED1F0002F6059 /* sty.c */ = {isa = PBXFileReference; fileEncoding = 30; lastKnownFileType = sourcecode.c.c; name = sty.c; path = ../Source/sty.c; sourceTree = SOURCE_ROOT; };
		12B721660D7ED1F0002F6059 /* sty.h */ = {isa = PBXFileReference; fileEncoding = 30; lastKnownFileType = sourcecode.c.h; name = sty.h; path = ../Source/sty.h; sourceTree = SOURCE_ROOT; };
		12B721670D7ED1F0002F6059 /* tab.c */ = {isa = PBXFileReference; fileEncoding = 30; lastKnownFileType = sourcecode.c.c; name = tab.c; path = ../Source/tab.c; sourceTree = SOURCE_ROOT; };
		12B721680D7ED1F0002F6059 /* tab.h */ = {isa = PBXFileReference; fileEncoding = 30; lastKnownFileType = sourcecode.c.h; name = tab.h; path = ../Source/tab.h; sourceTree = SOURCE_ROOT; };
		12B721690D7ED1F0002F6059 /* toc.c */ = {isa = PBXFileReference; fileEncoding = 30; lastKnownFileType = sourcecode.c.c; name = toc.c; path = ../Source/toc.c; sourceTree = SOURCE_ROOT; };
		12B7216A0D7ED1F0002F6059 /* toc.h */ = {isa = PBXFileReference; fileEncoding = 30; lastKnownFileType = sourcecode.c.h; name = toc.h; path = ../Source/toc.h; sourceTree = SOURCE_ROOT; };
		12B7216B0D7ED1F0002F6059 /* toc_html.c */ = {isa = PBXFileReference; fileEncoding = 30; lastKnownFileType = sourcecode.c.c; name = toc_html.c; path = ../Source/toc_html.c; sourceTree = SOURCE_ROOT; };
		12B7216C0D7ED1F0002F6059 /* toc_html.h */ = {isa = PBXFileReference; fileEncoding = 30; lastKnownFileType = sourcecode.c.h; name = toc_html.h; path = ../Source/toc_html.h; sourceTree = SOURCE_ROOT; };
		12B7216D0D7ED1F0002F6059 /* tos2iso.h */ = {isa = PBXFileReference; fileEncoding = 30; lastKnownFileType = sourcecode.c.h; name = tos2iso.h; path = ../Source/tos2iso.h; sourceTree = SOURCE_ROOT; };
		12B7216E0D7ED1F0002F6059 /* tp.c */ = {isa = PBXFileReference; fileEncoding = 30; lastKnownFileType = sourcecode.c.c; name = tp.c; path = ../Source/tp.c; sourceTree = SOURCE_ROOT; };
		12B7216F0D7ED1F0002F6059 /* tp.h */ = {isa = PBXFileReference; fileEncoding = 30; lastKnownFileType = sourcecode.c.h; name = tp.h; path = ../Source/tp.h; sourceTree = SOURCE_ROOT; };
		12B721700D7ED1F0002F6059 /* udo.c */ = {isa = PBXFileReference; fileEncoding = 30; lastKnownFileType = sourcecode.c.c; name = udo.c; path = ../Source/udo.c; sourceTree = SOURCE_ROOT; };
		12B721710D7ED1F0002F6059 /* udo.h */ = {isa = PBXFileReference; fileEncoding = 30; lastKnownFileType = sourcecode.c.h; name = udo.h; path = ../Source/udo.h; sourceTree = SOURCE_ROOT; };
		12B721720D7ED1F0002F6059 /* udo2pdf.h */ = {isa = PBXFileReference; fileEncoding = 30; lastKnownFileType = sourcecode.c.h; name = udo2pdf.h; path = ../Source/udo2pdf.h; sourceTree = SOURCE_ROOT; };
		12B721730D7ED1F0002F6059 /* udo2ps.h */ = {isa = PBXFileReference; fileEncoding = 30; lastKnownFileType = sourcecode.c.h; name = udo2ps.h; path = ../Source/udo2ps.h; sourceTree = SOURCE_ROOT; };
		12B721740D7ED1F0002F6059 /* udo_type.h */ = {isa = PBXFileReference; fileEncoding = 30; lastKnownFileType = sourcecode.c.h; name = udo_type.h; path = ../Source/udo_type.h; sourceTree = SOURCE_ROOT; };
		12B721750D7ED1F0002F6059 /* udocmd.h */ = {isa = PBXFileReference; fileEncoding = 30; lastKnownFileType = sourcecode.c.h; name = udocmd.h; path = ../Source/udocmd.h; sourceTree = SOURCE_ROOT; };
		12B721760D7ED1F0002F6059 /* udolocal.h */ = {isa = PBXFileReference; fileEncoding = 30; lastKnownFileType = sourcecode.c.h; name = udolocal.h; path = ../Source/udolocal.h; sourceTree = SOURCE_ROOT; };
		12B721770D7ED1F0002F6059 /* udomem.c */ = {isa = PBXFileReference; fileEncoding = 30; lastKnownFileType = sourcecode.c.c; name = udomem.c; path = ../Source/udomem.c; sourceTree = SOURCE_ROOT; };
		12B721780D7ED1F0002F6059 /* udomem.h */ = {isa = PBXFileReference; fileEncoding = 30; lastKnownFileType = sourcecode.c.h; name = udomem.h; path = ../Source/udomem.h; sourceTree = SOURCE_ROOT; };
		12B721790D7ED1F0002F6059 /* utf82iso.h */ = {isa = PBXFileReference; fileEncoding = 30; lastKnownFileType = sourcecode.c.h; name = utf82iso.h; path = ../Source/utf82iso.h; sourceTree = SOURCE_ROOT; };
		12B7217A0D7ED1F0002F6059 /* version.h */ = {isa = PBXFileReference; fileEncoding = 30; lastKnownFileType = sourcecode.c.h; name = version.h; path = ../Source/version.h; sourceTree = SOURCE_ROOT; };
		12B721D00D7ED276002F6059 /* Makefile.macosx */ = {isa = PBXFileReference; fileEncoding = 30; lastKnownFileType = text; name = Makefile.macosx; path = ../Source/Makefile.macosx; sourceTree = SOURCE_ROOT; };
		12B721D30D7ED291002F6059 /* makefile.in */ = {isa = PBXFileReference; fileEncoding = 30; lastKnownFileType = text; name = makefile.in; path = ../Source/makefile.in; sourceTree = SOURCE_ROOT; };
		8DD76FB20486AB0100D96B5E /* UDO */ = {isa = PBXFileReference; includeInIndex = 0; lastKnownFileType = "compiled.mach-o.executable"; path = UDO; sourceTree = BUILT_PRODUCTS_DIR; };
		C6A0FF2C0290799A04C91782 /* UDO.1 */ = {isa = PBXFileReference; lastKnownFileType = text.man; path = UDO.1; sourceTree = "<group>"; };
/* End PBXFileReference section */

/* Begin PBXFrameworksBuildPhase section */
		8DD76FAD0486AB0100D96B5E /* Frameworks */ = {
			isa = PBXFrameworksBuildPhase;
			buildActionMask = 2147483647;
			files = (
			);
			runOnlyForDeploymentPostprocessing = 0;
		};
/* End PBXFrameworksBuildPhase section */

/* Begin PBXGroup section */
		08FB7794FE84155DC02AAC07 /* UDO */ = {
			isa = PBXGroup;
			children = (
				08FB7795FE84155DC02AAC07 /* Source */,
				C6A0FF2B0290797F04C91782 /* Documentation */,
				1AB674ADFE9D54B511CA2CBB /* Products */,
			);
			name = UDO;
			sourceTree = "<group>";
		};
		08FB7795FE84155DC02AAC07 /* Source */ = {
			isa = PBXGroup;
			children = (
				12B721D30D7ED291002F6059 /* makefile.in */,
				12B721D00D7ED276002F6059 /* Makefile.macosx */,
				12B7212D0D7ED1B2002F6059 /* 437iso.h */,
				12B7212E0D7ED1B2002F6059 /* 850iso.h */,
				12B7212F0D7ED1B2002F6059 /* abo.c */,
				12B721300D7ED1B2002F6059 /* abo.h */,
				12B721310D7ED1B2002F6059 /* ansi2dos.h */,
				12B721320D7ED1B2002F6059 /* ansi_raw.h */,
				12B7213A0D7ED1F0002F6059 /* cfg.c */,
				12B7213B0D7ED1F0002F6059 /* cfg.h */,
				12B7213C0D7ED1F0002F6059 /* chr.c */,
				12B7213D0D7ED1F0002F6059 /* chr.h */,
				12B7213E0D7ED1F0002F6059 /* chr_437.h */,
				12B7213F0D7ED1F0002F6059 /* chr_850.h */,
				12B721400D7ED1F0002F6059 /* chr_all.h */,
				12B721410D7ED1F0002F6059 /* chr_dos.h */,
				12B721420D7ED1F0002F6059 /* chr_hp8.h */,
				12B721430D7ED1F0002F6059 /* chr_iso.h */,
				12B721440D7ED1F0002F6059 /* chr_mac.h */,
				12B721450D7ED1F0002F6059 /* chr_next.h */,
				12B721460D7ED1F0002F6059 /* chr_raw.h */,
				12B721470D7ED1F0002F6059 /* chr_tos.h */,
				12B721480D7ED1F0002F6059 /* chr_ttf.h */,
				12B721490D7ED1F0002F6059 /* cli.c */,
				12B7214A0D7ED1F0002F6059 /* commands.h */,
				12B7214B0D7ED1F0002F6059 /* constant.h */,
				12B7214C0D7ED1F0002F6059 /* env.c */,
				12B7214D0D7ED1F0002F6059 /* env.h */,
				12B7214E0D7ED1F0002F6059 /* export.h */,
				12B7214F0D7ED1F0002F6059 /* file.c */,
				12B721500D7ED1F0002F6059 /* file.h */,
				12B721510D7ED1F0002F6059 /* gui.h */,
				12B721520D7ED1F0002F6059 /* hp82iso.h */,
				12B721530D7ED1F0002F6059 /* img.c */,
				12B721540D7ED1F0002F6059 /* img.h */,
				12B721550D7ED1F0002F6059 /* img_html.h */,
				12B721560D7ED1F0002F6059 /* img_stg.h */,
				12B721570D7ED1F0002F6059 /* img_win.h */,
				12B721580D7ED1F0002F6059 /* import.h */,
				12B721590D7ED1F0002F6059 /* lang.c */,
				12B7215A0D7ED1F0002F6059 /* lang.h */,
				12B7215B0D7ED1F0002F6059 /* mac2iso.h */,
				12B7215C0D7ED1F0002F6059 /* msg.c */,
				12B7215D0D7ED1F0002F6059 /* msg.h */,
				12B7215E0D7ED1F0002F6059 /* next2iso.h */,
				12B7215F0D7ED1F0002F6059 /* par.c */,
				12B721600D7ED1F0002F6059 /* par.h */,
				12B721610D7ED1F0002F6059 /* portab.h */,
				12B721620D7ED1F0002F6059 /* raw2iso.h */,
				12B721630D7ED1F0002F6059 /* str.c */,
				12B721640D7ED1F0002F6059 /* str.h */,
				12B721650D7ED1F0002F6059 /* sty.c */,
				12B721660D7ED1F0002F6059 /* sty.h */,
				12B721670D7ED1F0002F6059 /* tab.c */,
				12B721680D7ED1F0002F6059 /* tab.h */,
				12B721690D7ED1F0002F6059 /* toc.c */,
				12B7216A0D7ED1F0002F6059 /* toc.h */,
				12B7216B0D7ED1F0002F6059 /* toc_html.c */,
				12B7216C0D7ED1F0002F6059 /* toc_html.h */,
				12B7216D0D7ED1F0002F6059 /* tos2iso.h */,
				12B7216E0D7ED1F0002F6059 /* tp.c */,
				12B7216F0D7ED1F0002F6059 /* tp.h */,
				12B721700D7ED1F0002F6059 /* udo.c */,
				12B721710D7ED1F0002F6059 /* udo.h */,
				12B721720D7ED1F0002F6059 /* udo2pdf.h */,
				12B721730D7ED1F0002F6059 /* udo2ps.h */,
				12B721740D7ED1F0002F6059 /* udo_type.h */,
				12B721750D7ED1F0002F6059 /* udocmd.h */,
				12B721760D7ED1F0002F6059 /* udolocal.h */,
				12B721770D7ED1F0002F6059 /* udomem.c */,
				12B721780D7ED1F0002F6059 /* udomem.h */,
				12B721790D7ED1F0002F6059 /* utf82iso.h */,
				12B7217A0D7ED1F0002F6059 /* version.h */,
			);
			name = Source;
			sourceTree = "<group>";
		};
		1AB674ADFE9D54B511CA2CBB /* Products */ = {
			isa = PBXGroup;
			children = (
				8DD76FB20486AB0100D96B5E /* UDO */,
			);
			name = Products;
			sourceTree = "<group>";
		};
		C6A0FF2B0290797F04C91782 /* Documentation */ = {
			isa = PBXGroup;
			children = (
				C6A0FF2C0290799A04C91782 /* UDO.1 */,
			);
			name = Documentation;
			sourceTree = "<group>";
		};
/* End PBXGroup section */

/* Begin PBXNativeTarget section */
		8DD76FA90486AB0100D96B5E /* UDO */ = {
			isa = PBXNativeTarget;
			buildConfigurationList = 1DEB928508733DD80010E9CD /* Build configuration list for PBXNativeTarget "UDO" */;
			buildPhases = (
				8DD76FAB0486AB0100D96B5E /* Sources */,
				8DD76FAD0486AB0100D96B5E /* Frameworks */,
				8DD76FAF0486AB0100D96B5E /* CopyFiles */,
			);
			buildRules = (
			);
			dependencies = (
			);
			name = UDO;
			productInstallPath = "$(HOME)/bin";
			productName = UDO;
			productReference = 8DD76FB20486AB0100D96B5E /* UDO */;
			productType = "com.apple.product-type.tool";
		};
/* End PBXNativeTarget section */

/* Begin PBXProject section */
		08FB7793FE84155DC02AAC07 /* Project object */ = {
			isa = PBXProject;
			buildConfigurationList = 1DEB928908733DD80010E9CD /* Build configuration list for PBXProject "UDO" */;
			hasScannedForEncodings = 1;
			mainGroup = 08FB7794FE84155DC02AAC07 /* UDO */;
			projectDirPath = "";
			targets = (
				8DD76FA90486AB0100D96B5E /* UDO */,
			);
		};
/* End PBXProject section */

/* Begin PBXSourcesBuildPhase section */
		8DD76FAB0486AB0100D96B5E /* Sources */ = {
			isa = PBXSourcesBuildPhase;
			buildActionMask = 2147483647;
			files = (
				12B721350D7ED1B2002F6059 /* abo.c in Sources */,
				12B7217B0D7ED1F0002F6059 /* cfg.c in Sources */,
				12B7217D0D7ED1F0002F6059 /* chr.c in Sources */,
				12B7218A0D7ED1F0002F6059 /* cli.c in Sources */,
				12B7218D0D7ED1F0002F6059 /* env.c in Sources */,
				12B721900D7ED1F0002F6059 /* file.c in Sources */,
				12B721940D7ED1F0002F6059 /* img.c in Sources */,
				12B7219A0D7ED1F0002F6059 /* lang.c in Sources */,
				12B7219D0D7ED1F0002F6059 /* msg.c in Sources */,
				12B721A00D7ED1F0002F6059 /* par.c in Sources */,
				12B721A40D7ED1F0002F6059 /* str.c in Sources */,
				12B721A60D7ED1F0002F6059 /* sty.c in Sources */,
				12B721A80D7ED1F0002F6059 /* tab.c in Sources */,
				12B721AA0D7ED1F0002F6059 /* toc.c in Sources */,
				12B721AC0D7ED1F0002F6059 /* toc_html.c in Sources */,
				12B721AF0D7ED1F0002F6059 /* tp.c in Sources */,
				12B721B10D7ED1F0002F6059 /* udo.c in Sources */,
				12B721B80D7ED1F0002F6059 /* udomem.c in Sources */,
			);
			runOnlyForDeploymentPostprocessing = 0;
		};
/* End PBXSourcesBuildPhase section */

/* Begin XCBuildConfiguration section */
		1DEB928608733DD80010E9CD /* Debug */ = {
			isa = XCBuildConfiguration;
			buildSettings = {
				COPY_PHASE_STRIP = NO;
				GCC_DYNAMIC_NO_PIC = NO;
				GCC_ENABLE_FIX_AND_CONTINUE = YES;
				GCC_MODEL_TUNING = G5;
				GCC_OPTIMIZATION_LEVEL = 0;
				INSTALL_PATH = "$(HOME)/bin";
				PRODUCT_NAME = UDO;
				ZERO_LINK = YES;
			};
			name = Debug;
		};
		1DEB928708733DD80010E9CD /* Release */ = {
			isa = XCBuildConfiguration;
			buildSettings = {
				ARCHS = (
					ppc,
					i386,
				);
				GCC_GENERATE_DEBUGGING_SYMBOLS = NO;
				GCC_MODEL_TUNING = G5;
				INSTALL_PATH = "$(HOME)/bin";
				PRODUCT_NAME = UDO;
			};
			name = Release;
		};
		1DEB928A08733DD80010E9CD /* Debug */ = {
			isa = XCBuildConfiguration;
			buildSettings = {
				GCC_PREPROCESSOR_DEFINITIONS = (
					__MACOSX__,
					"$(inherited)",
				);
				GCC_WARN_ABOUT_RETURN_TYPE = YES;
				GCC_WARN_UNUSED_VARIABLE = YES;
				PREBINDING = NO;
				SDKROOT = /Developer/SDKs/MacOSX10.4u.sdk;
			};
			name = Debug;
		};
		1DEB928B08733DD80010E9CD /* Release */ = {
			isa = XCBuildConfiguration;
			buildSettings = {
				GCC_PREPROCESSOR_DEFINITIONS = (
					__MACOSX__,
					"$(inherited)",
				);
				GCC_WARN_ABOUT_RETURN_TYPE = YES;
				GCC_WARN_UNUSED_VARIABLE = YES;
				PREBINDING = NO;
				SDKROOT = /Developer/SDKs/MacOSX10.4u.sdk;
			};
			name = Release;
		};
/* End XCBuildConfiguration section */

/* Begin XCConfigurationList section */
		1DEB928508733DD80010E9CD /* Build configuration list for PBXNativeTarget "UDO" */ = {
			isa = XCConfigurationList;
			buildConfigurations = (
				1DEB928608733DD80010E9CD /* Debug */,
				1DEB928708733DD80010E9CD /* Release */,
			);
			defaultConfigurationIsVisible = 0;
			defaultConfigurationName = Release;
		};
		1DEB928908733DD80010E9CD /* Build configuration list for PBXProject "UDO" */ = {
			isa = XCConfigurationList;
			buildConfigurations = (
				1DEB928A08733DD80010E9CD /* Debug */,
				1DEB928B08733DD80010E9CD /* Release */,
			);
			defaultConfigurationIsVisible = 0;
			defaultConfigurationName = Release;
		};
/* End XCConfigurationList section */
	};
	rootObject = 08FB7793FE84155DC02AAC07 /* Project object */;
}
