// !$*UTF8*$!
{
	archiveVersion = 1;
	classes = {
	};
	objectVersion = 42;
	objects = {

/* Begin PBXBuildFile section */
		12B721350D7ED1B2002F6059 /* abo.c in Sources */ = {isa = PBXBuildFile; fileRef = 12B7212F0D7ED1B2002F6059 /* abo.c */; };
		12B721360D7ED1B2002F6059 /* abo.h in CopyFiles */ = {isa = PBXBuildFile; fileRef = 12B721300D7ED1B2002F6059 /* abo.h */; };
		12B7217B0D7ED1F0002F6059 /* cfg.c in Sources */ = {isa = PBXBuildFile; fileRef = 12B7213A0D7ED1F0002F6059 /* cfg.c */; };
		12B7217C0D7ED1F0002F6059 /* cfg.h in CopyFiles */ = {isa = PBXBuildFile; fileRef = 12B7213B0D7ED1F0002F6059 /* cfg.h */; };
		12B7217D0D7ED1F0002F6059 /* chr.c in Sources */ = {isa = PBXBuildFile; fileRef = 12B7213C0D7ED1F0002F6059 /* chr.c */; };
		12B7217E0D7ED1F0002F6059 /* chr.h in CopyFiles */ = {isa = PBXBuildFile; fileRef = 12B7213D0D7ED1F0002F6059 /* chr.h */; };
		12B721810D7ED1F0002F6059 /* chr_all.h in CopyFiles */ = {isa = PBXBuildFile; fileRef = 12B721400D7ED1F0002F6059 /* chr_all.h */; };
		12B721890D7ED1F0002F6059 /* chr_ttf.h in CopyFiles */ = {isa = PBXBuildFile; fileRef = 12B721480D7ED1F0002F6059 /* chr_ttf.h */; };
		12B7218A0D7ED1F0002F6059 /* cli.c in Sources */ = {isa = PBXBuildFile; fileRef = 12B721490D7ED1F0002F6059 /* cli.c */; };
		12B7218B0D7ED1F0002F6059 /* commands.h in CopyFiles */ = {isa = PBXBuildFile; fileRef = 12B7214A0D7ED1F0002F6059 /* commands.h */; };
		12B7218C0D7ED1F0002F6059 /* constant.h in CopyFiles */ = {isa = PBXBuildFile; fileRef = 12B7214B0D7ED1F0002F6059 /* constant.h */; };
		12B7218D0D7ED1F0002F6059 /* env.c in Sources */ = {isa = PBXBuildFile; fileRef = 12B7214C0D7ED1F0002F6059 /* env.c */; };
		12B7218E0D7ED1F0002F6059 /* env.h in CopyFiles */ = {isa = PBXBuildFile; fileRef = 12B7214D0D7ED1F0002F6059 /* env.h */; };
		12B7218F0D7ED1F0002F6059 /* export.h in CopyFiles */ = {isa = PBXBuildFile; fileRef = 12B7214E0D7ED1F0002F6059 /* export.h */; };
		12B721900D7ED1F0002F6059 /* file.c in Sources */ = {isa = PBXBuildFile; fileRef = 12B7214F0D7ED1F0002F6059 /* file.c */; };
		12B721910D7ED1F0002F6059 /* file.h in CopyFiles */ = {isa = PBXBuildFile; fileRef = 12B721500D7ED1F0002F6059 /* file.h */; };
		12B721920D7ED1F0002F6059 /* gui.h in CopyFiles */ = {isa = PBXBuildFile; fileRef = 12B721510D7ED1F0002F6059 /* gui.h */; };
		12B721940D7ED1F0002F6059 /* img.c in Sources */ = {isa = PBXBuildFile; fileRef = 12B721530D7ED1F0002F6059 /* img.c */; };
		12B721950D7ED1F0002F6059 /* img.h in CopyFiles */ = {isa = PBXBuildFile; fileRef = 12B721540D7ED1F0002F6059 /* img.h */; };
		12B721960D7ED1F0002F6059 /* img_html.h in CopyFiles */ = {isa = PBXBuildFile; fileRef = 12B721550D7ED1F0002F6059 /* img_html.h */; };
		12B721970D7ED1F0002F6059 /* img_stg.h in CopyFiles */ = {isa = PBXBuildFile; fileRef = 12B721560D7ED1F0002F6059 /* img_stg.h */; };
		12B721980D7ED1F0002F6059 /* img_win.h in CopyFiles */ = {isa = PBXBuildFile; fileRef = 12B721570D7ED1F0002F6059 /* img_win.h */; };
		12B721990D7ED1F0002F6059 /* import.h in CopyFiles */ = {isa = PBXBuildFile; fileRef = 12B721580D7ED1F0002F6059 /* import.h */; };
		12B7219A0D7ED1F0002F6059 /* lang.c in Sources */ = {isa = PBXBuildFile; fileRef = 12B721590D7ED1F0002F6059 /* lang.c */; };
		12B7219B0D7ED1F0002F6059 /* lang.h in CopyFiles */ = {isa = PBXBuildFile; fileRef = 12B7215A0D7ED1F0002F6059 /* lang.h */; };
		12B7219D0D7ED1F0002F6059 /* msg.c in Sources */ = {isa = PBXBuildFile; fileRef = 12B7215C0D7ED1F0002F6059 /* msg.c */; };
		12B7219E0D7ED1F0002F6059 /* msg.h in CopyFiles */ = {isa = PBXBuildFile; fileRef = 12B7215D0D7ED1F0002F6059 /* msg.h */; };
		12B721A00D7ED1F0002F6059 /* par.c in Sources */ = {isa = PBXBuildFile; fileRef = 12B7215F0D7ED1F0002F6059 /* par.c */; };
		12B721A10D7ED1F0002F6059 /* par.h in CopyFiles */ = {isa = PBXBuildFile; fileRef = 12B721600D7ED1F0002F6059 /* par.h */; };
		12B721A20D7ED1F0002F6059 /* portab.h in CopyFiles */ = {isa = PBXBuildFile; fileRef = 12B721610D7ED1F0002F6059 /* portab.h */; };
		12B721A40D7ED1F0002F6059 /* str.c in Sources */ = {isa = PBXBuildFile; fileRef = 12B721630D7ED1F0002F6059 /* str.c */; };
		12B721A50D7ED1F0002F6059 /* str.h in CopyFiles */ = {isa = PBXBuildFile; fileRef = 12B721640D7ED1F0002F6059 /* str.h */; };
		12B721A60D7ED1F0002F6059 /* sty.c in Sources */ = {isa = PBXBuildFile; fileRef = 12B721650D7ED1F0002F6059 /* sty.c */; };
		12B721A70D7ED1F0002F6059 /* sty.h in CopyFiles */ = {isa = PBXBuildFile; fileRef = 12B721660D7ED1F0002F6059 /* sty.h */; };
		12B721A80D7ED1F0002F6059 /* tab.c in Sources */ = {isa = PBXBuildFile; fileRef = 12B721670D7ED1F0002F6059 /* tab.c */; };
		12B721A90D7ED1F0002F6059 /* tab.h in CopyFiles */ = {isa = PBXBuildFile; fileRef = 12B721680D7ED1F0002F6059 /* tab.h */; };
		12B721AA0D7ED1F0002F6059 /* toc.c in Sources */ = {isa = PBXBuildFile; fileRef = 12B721690D7ED1F0002F6059 /* toc.c */; };
		12B721AB0D7ED1F0002F6059 /* toc.h in CopyFiles */ = {isa = PBXBuildFile; fileRef = 12B7216A0D7ED1F0002F6059 /* toc.h */; };
		12B721AC0D7ED1F0002F6059 /* toc_html.c in Sources */ = {isa = PBXBuildFile; fileRef = 12B7216B0D7ED1F0002F6059 /* toc_html.c */; };
		12B721AD0D7ED1F0002F6059 /* toc_html.h in CopyFiles */ = {isa = PBXBuildFile; fileRef = 12B7216C0D7ED1F0002F6059 /* toc_html.h */; };
		12B721AF0D7ED1F0002F6059 /* tp.c in Sources */ = {isa = PBXBuildFile; fileRef = 12B7216E0D7ED1F0002F6059 /* tp.c */; };
		12B721B00D7ED1F0002F6059 /* tp.h in CopyFiles */ = {isa = PBXBuildFile; fileRef = 12B7216F0D7ED1F0002F6059 /* tp.h */; };
		12B721B10D7ED1F0002F6059 /* udo.c in Sources */ = {isa = PBXBuildFile; fileRef = 12B721700D7ED1F0002F6059 /* udo.c */; };
		12B721B20D7ED1F0002F6059 /* udo.h in CopyFiles */ = {isa = PBXBuildFile; fileRef = 12B721710D7ED1F0002F6059 /* udo.h */; };
		12B721B30D7ED1F0002F6059 /* udo2pdf.h in CopyFiles */ = {isa = PBXBuildFile; fileRef = 12B721720D7ED1F0002F6059 /* udo2pdf.h */; };
		12B721B40D7ED1F0002F6059 /* udo2ps.h in CopyFiles */ = {isa = PBXBuildFile; fileRef = 12B721730D7ED1F0002F6059 /* udo2ps.h */; };
		12B721B50D7ED1F0002F6059 /* udo_type.h in CopyFiles */ = {isa = PBXBuildFile; fileRef = 12B721740D7ED1F0002F6059 /* udo_type.h */; };
		12B721B60D7ED1F0002F6059 /* udocmd.h in CopyFiles */ = {isa = PBXBuildFile; fileRef = 12B721750D7ED1F0002F6059 /* udocmd.h */; };
		12B721B70D7ED1F0002F6059 /* udolocal.h in CopyFiles */ = {isa = PBXBuildFile; fileRef = 12B721760D7ED1F0002F6059 /* udolocal.h */; };
		12B721B80D7ED1F0002F6059 /* udomem.c in Sources */ = {isa = PBXBuildFile; fileRef = 12B721770D7ED1F0002F6059 /* udomem.c */; };
		12B721B90D7ED1F0002F6059 /* udomem.h in CopyFiles */ = {isa = PBXBuildFile; fileRef = 12B721780D7ED1F0002F6059 /* udomem.h */; };
		12B721BB0D7ED1F0002F6059 /* version.h in CopyFiles */ = {isa = PBXBuildFile; fileRef = 12B7217A0D7ED1F0002F6059 /* version.h */; };
		8DD76FB00486AB0100D96B5E /* UDO.1 in CopyFiles */ = {isa = PBXBuildFile; fileRef = C6A0FF2C0290799A04C91782 /* UDO.1 */; };
/* End PBXBuildFile section */

/* Begin PBXCopyFilesBuildPhase section */
		8DD76FAF0486AB0100D96B5E /* CopyFiles */ = {
			isa = PBXCopyFilesBuildPhase;
			buildActionMask = 8;
			dstPath = /usr/share/man/man1/;
			dstSubfolderSpec = 0;
			files = (
				8DD76FB00486AB0100D96B5E /* UDO.1 in CopyFiles */,
				12B721360D7ED1B2002F6059 /* abo.h in CopyFiles */,
				12B7217C0D7ED1F0002F6059 /* cfg.h in CopyFiles */,
				12B7217E0D7ED1F0002F6059 /* chr.h in CopyFiles */,
				12B721810D7ED1F0002F6059 /* chr_all.h in CopyFiles */,
				12B721890D7ED1F0002F6059 /* chr_ttf.h in CopyFiles */,
				12B7218B0D7ED1F0002F6059 /* commands.h in CopyFiles */,
				12B7218C0D7ED1F0002F6059 /* constant.h in CopyFiles */,
				12B7218E0D7ED1F0002F6059 /* env.h in CopyFiles */,
				12B7218F0D7ED1F0002F6059 /* export.h in CopyFiles */,
				12B721910D7ED1F0002F6059 /* file.h in CopyFiles */,
				12B721920D7ED1F0002F6059 /* gui.h in CopyFiles */,
				12B721950D7ED1F0002F6059 /* img.h in CopyFiles */,
				12B721960D7ED1F0002F6059 /* img_html.h in CopyFiles */,
				12B721970D7ED1F0002F6059 /* img_stg.h in CopyFiles */,
				12B721980D7ED1F0002F6059 /* img_win.h in CopyFiles */,
				12B721990D7ED1F0002F6059 /* import.h in CopyFiles */,
				12B7219B0D7ED1F0002F6059 /* lang.h in CopyFiles */,
				12B7219E0D7ED1F0002F6059 /* msg.h in CopyFiles */,
				12B721A10D7ED1F0002F6059 /* par.h in CopyFiles */,
				12B721A20D7ED1F0002F6059 /* portab.h in CopyFiles */,
				12B721A50D7ED1F0002F6059 /* str.h in CopyFiles */,
				12B721A70D7ED1F0002F6059 /* sty.h in CopyFiles */,
				12B721A90D7ED1F0002F6059 /* tab.h in CopyFiles */,
				12B721AB0D7ED1F0002F6059 /* toc.h in CopyFiles */,
				12B721AD0D7ED1F0002F6059 /* toc_html.h in CopyFiles */,
				12B721B00D7ED1F0002F6059 /* tp.h in CopyFiles */,
				12B721B20D7ED1F0002F6059 /* udo.h in CopyFiles */,
				12B721B30D7ED1F0002F6059 /* udo2pdf.h in CopyFiles */,
				12B721B40D7ED1F0002F6059 /* udo2ps.h in CopyFiles */,
				12B721B50D7ED1F0002F6059 /* udo_type.h in CopyFiles */,
				12B721B60D7ED1F0002F6059 /* udocmd.h in CopyFiles */,
				12B721B70D7ED1F0002F6059 /* udolocal.h in CopyFiles */,
				12B721B90D7ED1F0002F6059 /* udomem.h in CopyFiles */,
				12B721BB0D7ED1F0002F6059 /* version.h in CopyFiles */,
			);
			runOnlyForDeploymentPostprocessing = 1;
		};
/* End PBXCopyFilesBuildPhase section */

/* Begin PBXFileReference section */
		12A62BA81133FD410086ED08 /* lang_utf.h */ = {isa = PBXFileReference; fileEncoding = 4; lastKnownFileType = sourcecode.c.h; path = lang_utf.h; sourceTree = "<group>"; };
		12A62BAB1133FD6B0086ED08 /* u_dos.h */ = {isa = PBXFileReference; fileEncoding = 5; lastKnownFileType = sourcecode.c.h; path = u_dos.h; sourceTree = "<group>"; };
		12A62BAC1133FD6B0086ED08 /* u_hp.h */ = {isa = PBXFileReference; fileEncoding = 5; lastKnownFileType = sourcecode.c.h; path = u_hp.h; sourceTree = "<group>"; };
		12A62BAD1133FD6B0086ED08 /* u_iso.h */ = {isa = PBXFileReference; fileEncoding = 5; lastKnownFileType = sourcecode.c.h; path = u_iso.h; sourceTree = "<group>"; };
		12A62BAE1133FD6B0086ED08 /* u_mac.h */ = {isa = PBXFileReference; fileEncoding = 5; lastKnownFileType = sourcecode.c.h; path = u_mac.h; sourceTree = "<group>"; };
		12A62BAF1133FD6B0086ED08 /* u_mswin.h */ = {isa = PBXFileReference; fileEncoding = 5; lastKnownFileType = sourcecode.c.h; path = u_mswin.h; sourceTree = "<group>"; };
		12A62BB01133FD6B0086ED08 /* u_next.h */ = {isa = PBXFileReference; fileEncoding = 5; lastKnownFileType = sourcecode.c.h; path = u_next.h; sourceTree = "<group>"; };
		12A62BB11133FD6B0086ED08 /* u_tos.h */ = {isa = PBXFileReference; fileEncoding = 5; lastKnownFileType = sourcecode.c.h; path = u_tos.h; sourceTree = "<group>"; };
		12A62BB21133FD6B0086ED08 /* u_udo.h */ = {isa = PBXFileReference; fileEncoding = 5; lastKnownFileType = sourcecode.c.h; path = u_udo.h; sourceTree = "<group>"; };
		12A62BB31133FD6B0086ED08 /* u_utf.h */ = {isa = PBXFileReference; fileEncoding = 5; lastKnownFileType = sourcecode.c.h; path = u_utf.h; sourceTree = "<group>"; };
		12A62BB41133FD6B0086ED08 /* unicode.h */ = {isa = PBXFileReference; fileEncoding = 5; lastKnownFileType = sourcecode.c.h; path = unicode.h; sourceTree = "<group>"; };
		12B7212F0D7ED1B2002F6059 /* abo.c */ = {isa = PBXFileReference; fileEncoding = 30; lastKnownFileType = sourcecode.c.c; path = abo.c; sourceTree = "<group>"; };
		12B721300D7ED1B2002F6059 /* abo.h */ = {isa = PBXFileReference; fileEncoding = 30; lastKnownFileType = sourcecode.c.h; path = abo.h; sourceTree = "<group>"; };
		12B7213A0D7ED1F0002F6059 /* cfg.c */ = {isa = PBXFileReference; fileEncoding = 30; lastKnownFileType = sourcecode.c.c; path = cfg.c; sourceTree = "<group>"; };
		12B7213B0D7ED1F0002F6059 /* cfg.h */ = {isa = PBXFileReference; fileEncoding = 30; lastKnownFileType = sourcecode.c.h; path = cfg.h; sourceTree = "<group>"; };
		12B7213C0D7ED1F0002F6059 /* chr.c */ = {isa = PBXFileReference; fileEncoding = 30; lastKnownFileType = sourcecode.c.c; path = chr.c; sourceTree = "<group>"; };
		12B7213D0D7ED1F0002F6059 /* chr.h */ = {isa = PBXFileReference; fileEncoding = 30; lastKnownFileType = sourcecode.c.h; path = chr.h; sourceTree = "<group>"; };
		12B721400D7ED1F0002F6059 /* chr_all.h */ = {isa = PBXFileReference; fileEncoding = 30; lastKnownFileType = sourcecode.c.h; path = chr_all.h; sourceTree = "<group>"; };
		12B721480D7ED1F0002F6059 /* chr_ttf.h */ = {isa = PBXFileReference; fileEncoding = 30; lastKnownFileType = sourcecode.c.h; path = chr_ttf.h; sourceTree = "<group>"; };
		12B721490D7ED1F0002F6059 /* cli.c */ = {isa = PBXFileReference; fileEncoding = 30; lastKnownFileType = sourcecode.c.c; path = cli.c; sourceTree = "<group>"; };
		12B7214A0D7ED1F0002F6059 /* commands.h */ = {isa = PBXFileReference; fileEncoding = 30; lastKnownFileType = sourcecode.c.h; path = commands.h; sourceTree = "<group>"; };
		12B7214B0D7ED1F0002F6059 /* constant.h */ = {isa = PBXFileReference; fileEncoding = 30; lastKnownFileType = sourcecode.c.h; path = constant.h; sourceTree = "<group>"; };
		12B7214C0D7ED1F0002F6059 /* env.c */ = {isa = PBXFileReference; fileEncoding = 30; lastKnownFileType = sourcecode.c.c; path = env.c; sourceTree = "<group>"; };
		12B7214D0D7ED1F0002F6059 /* env.h */ = {isa = PBXFileReference; fileEncoding = 30; lastKnownFileType = sourcecode.c.h; path = env.h; sourceTree = "<group>"; };
		12B7214E0D7ED1F0002F6059 /* export.h */ = {isa = PBXFileReference; fileEncoding = 30; lastKnownFileType = sourcecode.c.h; path = export.h; sourceTree = "<group>"; };
		12B7214F0D7ED1F0002F6059 /* file.c */ = {isa = PBXFileReference; fileEncoding = 30; lastKnownFileType = sourcecode.c.c; path = file.c; sourceTree = "<group>"; };
		12B721500D7ED1F0002F6059 /* file.h */ = {isa = PBXFileReference; fileEncoding = 30; lastKnownFileType = sourcecode.c.h; path = file.h; sourceTree = "<group>"; };
		12B721510D7ED1F0002F6059 /* gui.h */ = {isa = PBXFileReference; fileEncoding = 30; lastKnownFileType = sourcecode.c.h; path = gui.h; sourceTree = "<group>"; };
		12B721530D7ED1F0002F6059 /* img.c */ = {isa = PBXFileReference; fileEncoding = 30; lastKnownFileType = sourcecode.c.c; path = img.c; sourceTree = "<group>"; };
		12B721540D7ED1F0002F6059 /* img.h */ = {isa = PBXFileReference; fileEncoding = 30; lastKnownFileType = sourcecode.c.h; path = img.h; sourceTree = "<group>"; };
		12B721550D7ED1F0002F6059 /* img_html.h */ = {isa = PBXFileReference; fileEncoding = 30; lastKnownFileType = sourcecode.c.h; path = img_html.h; sourceTree = "<group>"; };
		12B721560D7ED1F0002F6059 /* img_stg.h */ = {isa = PBXFileReference; fileEncoding = 30; lastKnownFileType = sourcecode.c.h; path = img_stg.h; sourceTree = "<group>"; };
		12B721570D7ED1F0002F6059 /* img_win.h */ = {isa = PBXFileReference; fileEncoding = 30; lastKnownFileType = sourcecode.c.h; path = img_win.h; sourceTree = "<group>"; };
		12B721580D7ED1F0002F6059 /* import.h */ = {isa = PBXFileReference; fileEncoding = 30; lastKnownFileType = sourcecode.c.h; path = import.h; sourceTree = "<group>"; };
		12B721590D7ED1F0002F6059 /* lang.c */ = {isa = PBXFileReference; fileEncoding = 30; lastKnownFileType = sourcecode.c.c; path = lang.c; sourceTree = "<group>"; };
		12B7215A0D7ED1F0002F6059 /* lang.h */ = {isa = PBXFileReference; fileEncoding = 30; lastKnownFileType = sourcecode.c.h; path = lang.h; sourceTree = "<group>"; };
		12B7215C0D7ED1F0002F6059 /* msg.c */ = {isa = PBXFileReference; fileEncoding = 30; lastKnownFileType = sourcecode.c.c; path = msg.c; sourceTree = "<group>"; };
		12B7215D0D7ED1F0002F6059 /* msg.h */ = {isa = PBXFileReference; fileEncoding = 30; lastKnownFileType = sourcecode.c.h; path = msg.h; sourceTree = "<group>"; };
		12B7215F0D7ED1F0002F6059 /* par.c */ = {isa = PBXFileReference; fileEncoding = 30; lastKnownFileType = sourcecode.c.c; path = par.c; sourceTree = "<group>"; };
		12B721600D7ED1F0002F6059 /* par.h */ = {isa = PBXFileReference; fileEncoding = 30; lastKnownFileType = sourcecode.c.h; path = par.h; sourceTree = "<group>"; };
		12B721610D7ED1F0002F6059 /* portab.h */ = {isa = PBXFileReference; fileEncoding = 30; lastKnownFileType = sourcecode.c.h; path = portab.h; sourceTree = "<group>"; };
		12B721630D7ED1F0002F6059 /* str.c */ = {isa = PBXFileReference; fileEncoding = 30; lastKnownFileType = sourcecode.c.c; path = str.c; sourceTree = "<group>"; };
		12B721640D7ED1F0002F6059 /* str.h */ = {isa = PBXFileReference; fileEncoding = 30; lastKnownFileType = sourcecode.c.h; path = str.h; sourceTree = "<group>"; };
		12B721650D7ED1F0002F6059 /* sty.c */ = {isa = PBXFileReference; fileEncoding = 30; lastKnownFileType = sourcecode.c.c; path = sty.c; sourceTree = "<group>"; };
		12B721660D7ED1F0002F6059 /* sty.h */ = {isa = PBXFileReference; fileEncoding = 30; lastKnownFileType = sourcecode.c.h; path = sty.h; sourceTree = "<group>"; };
		12B721670D7ED1F0002F6059 /* tab.c */ = {isa = PBXFileReference; fileEncoding = 30; lastKnownFileType = sourcecode.c.c; path = tab.c; sourceTree = "<group>"; };
		12B721680D7ED1F0002F6059 /* tab.h */ = {isa = PBXFileReference; fileEncoding = 30; lastKnownFileType = sourcecode.c.h; path = tab.h; sourceTree = "<group>"; };
		12B721690D7ED1F0002F6059 /* toc.c */ = {isa = PBXFileReference; fileEncoding = 30; lastKnownFileType = sourcecode.c.c; path = toc.c; sourceTree = "<group>"; };
		12B7216A0D7ED1F0002F6059 /* toc.h */ = {isa = PBXFileReference; fileEncoding = 30; lastKnownFileType = sourcecode.c.h; path = toc.h; sourceTree = "<group>"; };
		12B7216B0D7ED1F0002F6059 /* toc_html.c */ = {isa = PBXFileReference; fileEncoding = 30; lastKnownFileType = sourcecode.c.c; path = toc_html.c; sourceTree = "<group>"; };
		12B7216C0D7ED1F0002F6059 /* toc_html.h */ = {isa = PBXFileReference; fileEncoding = 30; lastKnownFileType = sourcecode.c.h; path = toc_html.h; sourceTree = "<group>"; };
		12B7216E0D7ED1F0002F6059 /* tp.c */ = {isa = PBXFileReference; fileEncoding = 30; lastKnownFileType = sourcecode.c.c; path = tp.c; sourceTree = "<group>"; };
		12B7216F0D7ED1F0002F6059 /* tp.h */ = {isa = PBXFileReference; fileEncoding = 30; lastKnownFileType = sourcecode.c.h; path = tp.h; sourceTree = "<group>"; };
		12B721700D7ED1F0002F6059 /* udo.c */ = {isa = PBXFileReference; fileEncoding = 30; lastKnownFileType = sourcecode.c.c; path = udo.c; sourceTree = "<group>"; };
		12B721710D7ED1F0002F6059 /* udo.h */ = {isa = PBXFileReference; fileEncoding = 30; lastKnownFileType = sourcecode.c.h; path = udo.h; sourceTree = "<group>"; };
		12B721720D7ED1F0002F6059 /* udo2pdf.h */ = {isa = PBXFileReference; fileEncoding = 30; lastKnownFileType = sourcecode.c.h; path = udo2pdf.h; sourceTree = "<group>"; };
		12B721730D7ED1F0002F6059 /* udo2ps.h */ = {isa = PBXFileReference; fileEncoding = 30; lastKnownFileType = sourcecode.c.h; path = udo2ps.h; sourceTree = "<group>"; };
		12B721740D7ED1F0002F6059 /* udo_type.h */ = {isa = PBXFileReference; fileEncoding = 30; lastKnownFileType = sourcecode.c.h; path = udo_type.h; sourceTree = "<group>"; };
		12B721750D7ED1F0002F6059 /* udocmd.h */ = {isa = PBXFileReference; fileEncoding = 30; lastKnownFileType = sourcecode.c.h; path = udocmd.h; sourceTree = "<group>"; };
		12B721760D7ED1F0002F6059 /* udolocal.h */ = {isa = PBXFileReference; fileEncoding = 30; lastKnownFileType = sourcecode.c.h; path = udolocal.h; sourceTree = "<group>"; };
		12B721770D7ED1F0002F6059 /* udomem.c */ = {isa = PBXFileReference; fileEncoding = 30; lastKnownFileType = sourcecode.c.c; path = udomem.c; sourceTree = "<group>"; };
		12B721780D7ED1F0002F6059 /* udomem.h */ = {isa = PBXFileReference; fileEncoding = 30; lastKnownFileType = sourcecode.c.h; path = udomem.h; sourceTree = "<group>"; };
		12B7217A0D7ED1F0002F6059 /* version.h */ = {isa = PBXFileReference; fileEncoding = 30; lastKnownFileType = sourcecode.c.h; path = version.h; sourceTree = "<group>"; };
		8DD76FB20486AB0100D96B5E /* UDO */ = {isa = PBXFileReference; explicitFileType = "compiled.mach-o.executable"; includeInIndex = 0; path = UDO; sourceTree = BUILT_PRODUCTS_DIR; };
		C6A0FF2C0290799A04C91782 /* UDO.1 */ = {isa = PBXFileReference; lastKnownFileType = text.man; path = UDO.1; sourceTree = "<group>"; };
/* End PBXFileReference section */

/* Begin PBXFrameworksBuildPhase section */
		8DD76FAD0486AB0100D96B5E /* Frameworks */ = {
			isa = PBXFrameworksBuildPhase;
			buildActionMask = 2147483647;
			files = (
			);
			runOnlyForDeploymentPostprocessing = 0;
		};
/* End PBXFrameworksBuildPhase section */

/* Begin PBXGroup section */
		08FB7794FE84155DC02AAC07 /* UDO */ = {
			isa = PBXGroup;
			children = (
				08FB7795FE84155DC02AAC07 /* Source */,
				C6A0FF2B0290797F04C91782 /* Documentation */,
				1AB674ADFE9D54B511CA2CBB /* Products */,
			);
			name = UDO;
			sourceTree = "<group>";
		};
		08FB7795FE84155DC02AAC07 /* Source */ = {
			isa = PBXGroup;
			children = (
				12B7212F0D7ED1B2002F6059 /* abo.c */,
				12B721300D7ED1B2002F6059 /* abo.h */,
				12B7213A0D7ED1F0002F6059 /* cfg.c */,
				12B7213B0D7ED1F0002F6059 /* cfg.h */,
				12B7213C0D7ED1F0002F6059 /* chr.c */,
				12B7213D0D7ED1F0002F6059 /* chr.h */,
				12B721400D7ED1F0002F6059 /* chr_all.h */,
				12B721480D7ED1F0002F6059 /* chr_ttf.h */,
				12B721490D7ED1F0002F6059 /* cli.c */,
				12B7214A0D7ED1F0002F6059 /* commands.h */,
				12B7214B0D7ED1F0002F6059 /* constant.h */,
				12B7214C0D7ED1F0002F6059 /* env.c */,
				12B7214D0D7ED1F0002F6059 /* env.h */,
				12B7214E0D7ED1F0002F6059 /* export.h */,
				12B7214F0D7ED1F0002F6059 /* file.c */,
				12B721500D7ED1F0002F6059 /* file.h */,
				12B721510D7ED1F0002F6059 /* gui.h */,
				12B721530D7ED1F0002F6059 /* img.c */,
				12B721540D7ED1F0002F6059 /* img.h */,
				12B721550D7ED1F0002F6059 /* img_html.h */,
				12B721560D7ED1F0002F6059 /* img_stg.h */,
				12B721570D7ED1F0002F6059 /* img_win.h */,
				12B721580D7ED1F0002F6059 /* import.h */,
				12B721590D7ED1F0002F6059 /* lang.c */,
				12B7215A0D7ED1F0002F6059 /* lang.h */,
				12A62BA81133FD410086ED08 /* lang_utf.h */,
				12B7215C0D7ED1F0002F6059 /* msg.c */,
				12B7215D0D7ED1F0002F6059 /* msg.h */,
				12B7215F0D7ED1F0002F6059 /* par.c */,
				12B721600D7ED1F0002F6059 /* par.h */,
				12B721610D7ED1F0002F6059 /* portab.h */,
				12B721630D7ED1F0002F6059 /* str.c */,
				12B721640D7ED1F0002F6059 /* str.h */,
				12B721650D7ED1F0002F6059 /* sty.c */,
				12B721660D7ED1F0002F6059 /* sty.h */,
				12B721670D7ED1F0002F6059 /* tab.c */,
				12B721680D7ED1F0002F6059 /* tab.h */,
				12B721690D7ED1F0002F6059 /* toc.c */,
				12B7216A0D7ED1F0002F6059 /* toc.h */,
				12B7216B0D7ED1F0002F6059 /* toc_html.c */,
				12B7216C0D7ED1F0002F6059 /* toc_html.h */,
				12B7216E0D7ED1F0002F6059 /* tp.c */,
				12B7216F0D7ED1F0002F6059 /* tp.h */,
				12A62BAB1133FD6B0086ED08 /* u_dos.h */,
				12A62BAC1133FD6B0086ED08 /* u_hp.h */,
				12A62BAD1133FD6B0086ED08 /* u_iso.h */,
				12A62BAE1133FD6B0086ED08 /* u_mac.h */,
				12A62BAF1133FD6B0086ED08 /* u_mswin.h */,
				12A62BB01133FD6B0086ED08 /* u_next.h */,
				12A62BB11133FD6B0086ED08 /* u_tos.h */,
				12A62BB21133FD6B0086ED08 /* u_udo.h */,
				12A62BB31133FD6B0086ED08 /* u_utf.h */,
				12B721700D7ED1F0002F6059 /* udo.c */,
				12B721710D7ED1F0002F6059 /* udo.h */,
				12B721720D7ED1F0002F6059 /* udo2pdf.h */,
				12B721730D7ED1F0002F6059 /* udo2ps.h */,
				12B721740D7ED1F0002F6059 /* udo_type.h */,
				12B721750D7ED1F0002F6059 /* udocmd.h */,
				12B721760D7ED1F0002F6059 /* udolocal.h */,
				12B721770D7ED1F0002F6059 /* udomem.c */,
				12B721780D7ED1F0002F6059 /* udomem.h */,
				12A62BB41133FD6B0086ED08 /* unicode.h */,
				12B7217A0D7ED1F0002F6059 /* version.h */,
			);
			name = Source;
			path = ..;
			sourceTree = SOURCE_ROOT;
		};
		1AB674ADFE9D54B511CA2CBB /* Products */ = {
			isa = PBXGroup;
			children = (
				8DD76FB20486AB0100D96B5E /* UDO */,
			);
			name = Products;
			sourceTree = "<group>";
		};
		C6A0FF2B0290797F04C91782 /* Documentation */ = {
			isa = PBXGroup;
			children = (
				C6A0FF2C0290799A04C91782 /* UDO.1 */,
			);
			name = Documentation;
			sourceTree = "<group>";
		};
/* End PBXGroup section */

/* Begin PBXNativeTarget section */
		8DD76FA90486AB0100D96B5E /* UDO */ = {
			isa = PBXNativeTarget;
			buildConfigurationList = 1DEB928508733DD80010E9CD /* Build configuration list for PBXNativeTarget "UDO" */;
			buildPhases = (
				8DD76FAB0486AB0100D96B5E /* Sources */,
				8DD76FAD0486AB0100D96B5E /* Frameworks */,
				8DD76FAF0486AB0100D96B5E /* CopyFiles */,
			);
			buildRules = (
			);
			dependencies = (
			);
			name = UDO;
			productInstallPath = "$(HOME)/bin";
			productName = UDO;
			productReference = 8DD76FB20486AB0100D96B5E /* UDO */;
			productType = "com.apple.product-type.tool";
		};
/* End PBXNativeTarget section */

/* Begin PBXProject section */
		08FB7793FE84155DC02AAC07 /* Project object */ = {
			isa = PBXProject;
			buildConfigurationList = 1DEB928908733DD80010E9CD /* Build configuration list for PBXProject "UDO" */;
			compatibilityVersion = "Xcode 2.4";
			hasScannedForEncodings = 1;
			mainGroup = 08FB7794FE84155DC02AAC07 /* UDO */;
			projectDirPath = "";
			projectRoot = "";
			targets = (
				8DD76FA90486AB0100D96B5E /* UDO */,
			);
		};
/* End PBXProject section */

/* Begin PBXSourcesBuildPhase section */
		8DD76FAB0486AB0100D96B5E /* Sources */ = {
			isa = PBXSourcesBuildPhase;
			buildActionMask = 2147483647;
			files = (
				12B721350D7ED1B2002F6059 /* abo.c in Sources */,
				12B7217B0D7ED1F0002F6059 /* cfg.c in Sources */,
				12B7217D0D7ED1F0002F6059 /* chr.c in Sources */,
				12B7218A0D7ED1F0002F6059 /* cli.c in Sources */,
				12B7218D0D7ED1F0002F6059 /* env.c in Sources */,
				12B721900D7ED1F0002F6059 /* file.c in Sources */,
				12B721940D7ED1F0002F6059 /* img.c in Sources */,
				12B7219A0D7ED1F0002F6059 /* lang.c in Sources */,
				12B7219D0D7ED1F0002F6059 /* msg.c in Sources */,
				12B721A00D7ED1F0002F6059 /* par.c in Sources */,
				12B721A40D7ED1F0002F6059 /* str.c in Sources */,
				12B721A60D7ED1F0002F6059 /* sty.c in Sources */,
				12B721A80D7ED1F0002F6059 /* tab.c in Sources */,
				12B721AA0D7ED1F0002F6059 /* toc.c in Sources */,
				12B721AC0D7ED1F0002F6059 /* toc_html.c in Sources */,
				12B721AF0D7ED1F0002F6059 /* tp.c in Sources */,
				12B721B10D7ED1F0002F6059 /* udo.c in Sources */,
				12B721B80D7ED1F0002F6059 /* udomem.c in Sources */,
			);
			runOnlyForDeploymentPostprocessing = 0;
		};
/* End PBXSourcesBuildPhase section */

/* Begin XCBuildConfiguration section */
		1DEB928608733DD80010E9CD /* Debug */ = {
			isa = XCBuildConfiguration;
			buildSettings = {
				COPY_PHASE_STRIP = NO;
				GCC_DYNAMIC_NO_PIC = NO;
				GCC_ENABLE_FIX_AND_CONTINUE = YES;
				GCC_MODEL_TUNING = G5;
				GCC_OPTIMIZATION_LEVEL = 0;
				GCC_VERSION = 4.0;
				INSTALL_PATH = "$(HOME)/bin";
				PRODUCT_NAME = UDO;
				ZERO_LINK = YES;
			};
			name = Debug;
		};
		1DEB928708733DD80010E9CD /* Release */ = {
			isa = XCBuildConfiguration;
			buildSettings = {
				ARCHS = (
					ppc,
					i386,
				);
				GCC_GENERATE_DEBUGGING_SYMBOLS = NO;
				GCC_MODEL_TUNING = G5;
				GCC_VERSION = 4.0;
				INSTALL_PATH = "$(HOME)/bin";
				PRODUCT_NAME = UDO;
			};
			name = Release;
		};
		1DEB928A08733DD80010E9CD /* Debug */ = {
			isa = XCBuildConfiguration;
			buildSettings = {
				GCC_PREPROCESSOR_DEFINITIONS = (
					__MACOSX__,
					"$(inherited)",
				);
				GCC_WARN_ABOUT_RETURN_TYPE = YES;
				GCC_WARN_UNUSED_VARIABLE = YES;
				PREBINDING = NO;
				SDKROOT = /Developer/SDKs/MacOSX10.4u.sdk;
				WARNING_CFLAGS = (
					"$(inherited)",
					"-Wno-multichar",
				);
			};
			name = Debug;
		};
		1DEB928B08733DD80010E9CD /* Release */ = {
			isa = XCBuildConfiguration;
			buildSettings = {
				GCC_PREPROCESSOR_DEFINITIONS = (
					__MACOSX__,
					"$(inherited)",
				);
				GCC_WARN_ABOUT_RETURN_TYPE = YES;
				GCC_WARN_UNUSED_VARIABLE = YES;
				PREBINDING = NO;
				SDKROOT = /Developer/SDKs/MacOSX10.4u.sdk;
				WARNING_CFLAGS = (
					"$(inherited)",
					"-Wno-multichar",
				);
			};
			name = Release;
		};
/* End XCBuildConfiguration section */

/* Begin XCConfigurationList section */
		1DEB928508733DD80010E9CD /* Build configuration list for PBXNativeTarget "UDO" */ = {
			isa = XCConfigurationList;
			buildConfigurations = (
				1DEB928608733DD80010E9CD /* Debug */,
				1DEB928708733DD80010E9CD /* Release */,
			);
			defaultConfigurationIsVisible = 0;
			defaultConfigurationName = Release;
		};
		1DEB928908733DD80010E9CD /* Build configuration list for PBXProject "UDO" */ = {
			isa = XCConfigurationList;
			buildConfigurations = (
				1DEB928A08733DD80010E9CD /* Debug */,
				1DEB928B08733DD80010E9CD /* Release */,
			);
			defaultConfigurationIsVisible = 0;
			defaultConfigurationName = Release;
		};
/* End XCConfigurationList section */
	};
	rootObject = 08FB7793FE84155DC02AAC07 /* Project object */;
}
